
Microsoft Visual Studio Solution File, Format Version 12.00
# Visual Studio Version 16
VisualStudioVersion = 16.0.30804.86
MinimumVisualStudioVersion = 10.0.40219.1
Project("{FAE04EC0-301F-11D3-BF4B-00C04F79EFBC}") = "eShopSolution.WebApp", "eShopSolution.WebApp\eShopSolution.WebApp.csproj", "{07234003-4907-4F88-BF15-7491827AA283}"
EndProject
Project("{2150E333-8FDC-42A3-9474-1A3956D46DE8}") = "Solution Items", "Solution Items", "{2CAB4A65-966A-4BA3-9DC5-978023D44CB0}"
	ProjectSection(SolutionItems) = preProject
		REDME.md = REDME.md
	EndProjectSection
EndProject
Project("{FAE04EC0-301F-11D3-BF4B-00C04F79EFBC}") = "eShopSolution.Data", "eShopSolution.Data\eShopSolution.Data.csproj", "{60D4B39C-90FC-4BF2-A8C6-EF460E8ABB80}"
EndProject
Project("{FAE04EC0-301F-11D3-BF4B-00C04F79EFBC}") = "eShopSolution.Application", "eShopSolution.Application\eShopSolution.Application.csproj", "{1FC32186-5A08-4952-9F54-67D2F118217D}"
EndProject
Global
	GlobalSection(SolutionConfigurationPlatforms) = preSolution
		Debug|Any CPU = Debug|Any CPU
		Release|Any CPU = Release|Any CPU
	EndGlobalSection
	GlobalSection(ProjectConfigurationPlatforms) = postSolution
		{07234003-4907-4F88-BF15-7491827AA283}.Debug|Any CPU.ActiveCfg = Debug|Any CPU
		{07234003-4907-4F88-BF15-7491827AA283}.Debug|Any CPU.Build.0 = Debug|Any CPU
		{07234003-4907-4F88-BF15-7491827AA283}.Release|Any CPU.ActiveCfg = Release|Any CPU
		{07234003-4907-4F88-BF15-7491827AA283}.Release|Any CPU.Build.0 = Release|Any CPU
		{60D4B39C-90FC-4BF2-A8C6-EF460E8ABB80}.Debug|Any CPU.ActiveCfg = Debug|Any CPU
		{60D4B39C-90FC-4BF2-A8C6-EF460E8ABB80}.Debug|Any CPU.Build.0 = Debug|Any CPU
		{60D4B39C-90FC-4BF2-A8C6-EF460E8ABB80}.Release|Any CPU.ActiveCfg = Release|Any CPU
		{60D4B39C-90FC-4BF2-A8C6-EF460E8ABB80}.Release|Any CPU.Build.0 = Release|Any CPU
		{1FC32186-5A08-4952-9F54-67D2F118217D}.Debug|Any CPU.ActiveCfg = Debug|Any CPU
		{1FC32186-5A08-4952-9F54-67D2F118217D}.Debug|Any CPU.Build.0 = Debug|Any CPU
		{1FC32186-5A08-4952-9F54-67D2F118217D}.Release|Any CPU.ActiveCfg = Release|Any CPU
		{1FC32186-5A08-4952-9F54-67D2F118217D}.Release|Any CPU.Build.0 = Release|Any CPU
	EndGlobalSection
	GlobalSection(SolutionProperties) = preSolution
		HideSolutionNode = FALSE
	EndGlobalSection
	GlobalSection(ExtensibilityGlobals) = postSolution
		SolutionGuid = {F2CD528C-8C29-4733-A981-18F061C9779F}
	EndGlobalSection
EndGlobal
